{
  "nodes": {
    "nixpkgs": {
      "locked": {
        "lastModified": 1694253539,
        "narHash": "sha256-5knE3EDRwY9ZzZGElyizUgPCrZ3KNS7rxL4vFOQbPp8=",
        "owner": "NixOS",
        "repo": "nixpkgs",
        "rev": "e2ddb1fd1cf35e5fc7a75356171c67bd0e29f147",
        "type": "github"
      },
      "original": {
        "owner": "NixOS",
        "ref": "release-23.05",
        "repo": "nixpkgs",
        "type": "github"
      }
    },
    "root": {
      "inputs": {
        "nixpkgs": "nixpkgs"
      }
    }
  },
  "root": "root",
  "version": 7
}
